
Microsoft Visual Studio Solution File, Format Version 12.00
# Visual Studio Version 17
VisualStudioVersion = 17.14.36414.22
MinimumVisualStudioVersion = 10.0.40219.1
Project("{FAE04EC0-301F-11D3-BF4B-00C04F79EFBC}") = "PhotoStudio.app", "PhotoStudio.app\PhotoStudio.app.csproj", "{663AE668-8135-4B79-8FA9-4151FC1EF745}"
EndProject
Project("{FAE04EC0-301F-11D3-BF4B-00C04F79EFBC}") = "PhotoStudio.core", "PhotoStudio.core\PhotoStudio.core.csproj", "{40101A0A-A643-40C0-A551-F521BF9DC7BB}"
EndProject
Global
	GlobalSection(SolutionConfigurationPlatforms) = preSolution
		Debug|Any CPU = Debug|Any CPU
		Release|Any CPU = Release|Any CPU
	EndGlobalSection
	GlobalSection(ProjectConfigurationPlatforms) = postSolution
		{663AE668-8135-4B79-8FA9-4151FC1EF745}.Debug|Any CPU.ActiveCfg = Debug|Any CPU
		{663AE668-8135-4B79-8FA9-4151FC1EF745}.Debug|Any CPU.Build.0 = Debug|Any CPU
		{663AE668-8135-4B79-8FA9-4151FC1EF745}.Release|Any CPU.ActiveCfg = Release|Any CPU
		{663AE668-8135-4B79-8FA9-4151FC1EF745}.Release|Any CPU.Build.0 = Release|Any CPU
		{40101A0A-A643-40C0-A551-F521BF9DC7BB}.Debug|Any CPU.ActiveCfg = Debug|Any CPU
		{40101A0A-A643-40C0-A551-F521BF9DC7BB}.Debug|Any CPU.Build.0 = Debug|Any CPU
		{40101A0A-A643-40C0-A551-F521BF9DC7BB}.Release|Any CPU.ActiveCfg = Release|Any CPU
		{40101A0A-A643-40C0-A551-F521BF9DC7BB}.Release|Any CPU.Build.0 = Release|Any CPU
	EndGlobalSection
	GlobalSection(SolutionProperties) = preSolution
		HideSolutionNode = FALSE
	EndGlobalSection
	GlobalSection(ExtensibilityGlobals) = postSolution
		SolutionGuid = {AE19EEA2-655F-4AEB-A4D0-2BBC8BE74177}
	EndGlobalSection
EndGlobal
